// !$*UTF8*$!
{
	archiveVersion = 1;
	classes = {
	};
	objectVersion = 50;
	objects = {

/* Begin PBXBuildFile section */
		888895AC20CB10D0000F8547 /* AppDelegate.swift in Sources */ = {isa = PBXBuildFile; fileRef = 888895AB20CB10D0000F8547 /* AppDelegate.swift */; };
		888895AE20CB10D0000F8547 /* ViewController.swift in Sources */ = {isa = PBXBuildFile; fileRef = 888895AD20CB10D0000F8547 /* ViewController.swift */; };
		888895B120CB10D0000F8547 /* Main.storyboard in Resources */ = {isa = PBXBuildFile; fileRef = 888895AF20CB10D0000F8547 /* Main.storyboard */; };
		888895B420CB10D0000F8547 /* iosFinalApp.xcdatamodeld in Sources */ = {isa = PBXBuildFile; fileRef = 888895B220CB10D0000F8547 /* iosFinalApp.xcdatamodeld */; };
		888895B620CB10D2000F8547 /* Assets.xcassets in Resources */ = {isa = PBXBuildFile; fileRef = 888895B520CB10D2000F8547 /* Assets.xcassets */; };
		888895B920CB10D2000F8547 /* LaunchScreen.storyboard in Resources */ = {isa = PBXBuildFile; fileRef = 888895B720CB10D2000F8547 /* LaunchScreen.storyboard */; };
		88E6966620CBFB560045A1D3 /* MainViewController.swift in Sources */ = {isa = PBXBuildFile; fileRef = 88E6966520CBFB560045A1D3 /* MainViewController.swift */; };
		88E6966820CC15F00045A1D3 /* QBMainViewController.swift in Sources */ = {isa = PBXBuildFile; fileRef = 88E6966720CC15F00045A1D3 /* QBMainViewController.swift */; };
		88E6966A20CC16040045A1D3 /* DBMainViewController.swift in Sources */ = {isa = PBXBuildFile; fileRef = 88E6966920CC16040045A1D3 /* DBMainViewController.swift */; };
		88E6966C20CC20110045A1D3 /* QBNewCarViewController.swift in Sources */ = {isa = PBXBuildFile; fileRef = 88E6966B20CC20110045A1D3 /* QBNewCarViewController.swift */; };
		88E6966F20CC269E0045A1D3 /* Make.swift in Sources */ = {isa = PBXBuildFile; fileRef = 88E6966E20CC269E0045A1D3 /* Make.swift */; };
		88E6967120CC26A90045A1D3 /* Model.swift in Sources */ = {isa = PBXBuildFile; fileRef = 88E6967020CC26A90045A1D3 /* Model.swift */; };
		C11E0B2D20CB678B005028E2 /* RegisterPageViewController.swift in Sources */ = {isa = PBXBuildFile; fileRef = C11E0B2C20CB678B005028E2 /* RegisterPageViewController.swift */; };
/* End PBXBuildFile section */

/* Begin PBXFileReference section */
		888895A820CB10D0000F8547 /* iosFinalApp.app */ = {isa = PBXFileReference; explicitFileType = wrapper.application; includeInIndex = 0; path = iosFinalApp.app; sourceTree = BUILT_PRODUCTS_DIR; };
		888895AB20CB10D0000F8547 /* AppDelegate.swift */ = {isa = PBXFileReference; lastKnownFileType = sourcecode.swift; path = AppDelegate.swift; sourceTree = "<group>"; };
		888895AD20CB10D0000F8547 /* ViewController.swift */ = {isa = PBXFileReference; lastKnownFileType = sourcecode.swift; path = ViewController.swift; sourceTree = "<group>"; };
		888895B020CB10D0000F8547 /* Base */ = {isa = PBXFileReference; lastKnownFileType = file.storyboard; name = Base; path = Base.lproj/Main.storyboard; sourceTree = "<group>"; };
		888895B320CB10D0000F8547 /* iosFinalApp.xcdatamodel */ = {isa = PBXFileReference; lastKnownFileType = wrapper.xcdatamodel; path = iosFinalApp.xcdatamodel; sourceTree = "<group>"; };
		888895B520CB10D2000F8547 /* Assets.xcassets */ = {isa = PBXFileReference; lastKnownFileType = folder.assetcatalog; path = Assets.xcassets; sourceTree = "<group>"; };
		888895B820CB10D2000F8547 /* Base */ = {isa = PBXFileReference; lastKnownFileType = file.storyboard; name = Base; path = Base.lproj/LaunchScreen.storyboard; sourceTree = "<group>"; };
		888895BA20CB10D2000F8547 /* Info.plist */ = {isa = PBXFileReference; lastKnownFileType = text.plist.xml; path = Info.plist; sourceTree = "<group>"; };
		88E6966520CBFB560045A1D3 /* MainViewController.swift */ = {isa = PBXFileReference; lastKnownFileType = sourcecode.swift; path = MainViewController.swift; sourceTree = "<group>"; };
		88E6966720CC15F00045A1D3 /* QBMainViewController.swift */ = {isa = PBXFileReference; lastKnownFileType = sourcecode.swift; path = QBMainViewController.swift; sourceTree = "<group>"; };
		88E6966920CC16040045A1D3 /* DBMainViewController.swift */ = {isa = PBXFileReference; lastKnownFileType = sourcecode.swift; path = DBMainViewController.swift; sourceTree = "<group>"; };
		88E6966B20CC20110045A1D3 /* QBNewCarViewController.swift */ = {isa = PBXFileReference; lastKnownFileType = sourcecode.swift; path = QBNewCarViewController.swift; sourceTree = "<group>"; };
		88E6966E20CC269E0045A1D3 /* Make.swift */ = {isa = PBXFileReference; lastKnownFileType = sourcecode.swift; path = Make.swift; sourceTree = "<group>"; };
		88E6967020CC26A90045A1D3 /* Model.swift */ = {isa = PBXFileReference; lastKnownFileType = sourcecode.swift; path = Model.swift; sourceTree = "<group>"; };
		C11E0B2C20CB678B005028E2 /* RegisterPageViewController.swift */ = {isa = PBXFileReference; lastKnownFileType = sourcecode.swift; path = RegisterPageViewController.swift; sourceTree = "<group>"; };
/* End PBXFileReference section */

/* Begin PBXFrameworksBuildPhase section */
		888895A520CB10D0000F8547 /* Frameworks */ = {
			isa = PBXFrameworksBuildPhase;
			buildActionMask = 2147483647;
			files = (
			);
			runOnlyForDeploymentPostprocessing = 0;
		};
/* End PBXFrameworksBuildPhase section */

/* Begin PBXGroup section */
		8888959F20CB10D0000F8547 = {
			isa = PBXGroup;
			children = (
				888895AA20CB10D0000F8547 /* iosFinalApp */,
				888895A920CB10D0000F8547 /* Products */,
			);
			sourceTree = "<group>";
		};
		888895A920CB10D0000F8547 /* Products */ = {
			isa = PBXGroup;
			children = (
				888895A820CB10D0000F8547 /* iosFinalApp.app */,
			);
			name = Products;
			sourceTree = "<group>";
		};
		888895AA20CB10D0000F8547 /* iosFinalApp */ = {
			isa = PBXGroup;
			children = (
				88E6966D20CC26800045A1D3 /* Models */,
				C11E0B2B20CB673F005028E2 /* Controller */,
				888895AB20CB10D0000F8547 /* AppDelegate.swift */,
				888895AD20CB10D0000F8547 /* ViewController.swift */,
				888895AF20CB10D0000F8547 /* Main.storyboard */,
				888895B520CB10D2000F8547 /* Assets.xcassets */,
				888895B720CB10D2000F8547 /* LaunchScreen.storyboard */,
				888895BA20CB10D2000F8547 /* Info.plist */,
				888895B220CB10D0000F8547 /* iosFinalApp.xcdatamodeld */,
			);
			path = iosFinalApp;
			sourceTree = "<group>";
		};
		88E6966D20CC26800045A1D3 /* Models */ = {
			isa = PBXGroup;
			children = (
				88E6966E20CC269E0045A1D3 /* Make.swift */,
				88E6967020CC26A90045A1D3 /* Model.swift */,
			);
			path = Models;
			sourceTree = "<group>";
		};
		C11E0B2B20CB673F005028E2 /* Controller */ = {
			isa = PBXGroup;
			children = (
				C11E0B2C20CB678B005028E2 /* RegisterPageViewController.swift */,
				88E6966520CBFB560045A1D3 /* MainViewController.swift */,
				88E6966720CC15F00045A1D3 /* QBMainViewController.swift */,
				88E6966920CC16040045A1D3 /* DBMainViewController.swift */,
				88E6966B20CC20110045A1D3 /* QBNewCarViewController.swift */,
			);
			path = Controller;
			sourceTree = "<group>";
		};
/* End PBXGroup section */

/* Begin PBXNativeTarget section */
		888895A720CB10D0000F8547 /* iosFinalApp */ = {
			isa = PBXNativeTarget;
			buildConfigurationList = 888895BD20CB10D2000F8547 /* Build configuration list for PBXNativeTarget "iosFinalApp" */;
			buildPhases = (
				888895A420CB10D0000F8547 /* Sources */,
				888895A520CB10D0000F8547 /* Frameworks */,
				888895A620CB10D0000F8547 /* Resources */,
			);
			buildRules = (
			);
			dependencies = (
			);
			name = iosFinalApp;
			productName = iosFinalApp;
			productReference = 888895A820CB10D0000F8547 /* iosFinalApp.app */;
			productType = "com.apple.product-type.application";
		};
/* End PBXNativeTarget section */

/* Begin PBXProject section */
		888895A020CB10D0000F8547 /* Project object */ = {
			isa = PBXProject;
			attributes = {
				LastSwiftUpdateCheck = 0930;
				LastUpgradeCheck = 0930;
				ORGANIZATIONNAME = davidmatos;
				TargetAttributes = {
					888895A720CB10D0000F8547 = {
						CreatedOnToolsVersion = 9.3;
					};
				};
			};
			buildConfigurationList = 888895A320CB10D0000F8547 /* Build configuration list for PBXProject "iosFinalApp" */;
			compatibilityVersion = "Xcode 9.3";
			developmentRegion = en;
			hasScannedForEncodings = 0;
			knownRegions = (
				en,
				Base,
			);
			mainGroup = 8888959F20CB10D0000F8547;
			productRefGroup = 888895A920CB10D0000F8547 /* Products */;
			projectDirPath = "";
			projectRoot = "";
			targets = (
				888895A720CB10D0000F8547 /* iosFinalApp */,
			);
		};
/* End PBXProject section */

/* Begin PBXResourcesBuildPhase section */
		888895A620CB10D0000F8547 /* Resources */ = {
			isa = PBXResourcesBuildPhase;
			buildActionMask = 2147483647;
			files = (
				888895B920CB10D2000F8547 /* LaunchScreen.storyboard in Resources */,
				888895B620CB10D2000F8547 /* Assets.xcassets in Resources */,
				888895B120CB10D0000F8547 /* Main.storyboard in Resources */,
			);
			runOnlyForDeploymentPostprocessing = 0;
		};
/* End PBXResourcesBuildPhase section */

/* Begin PBXSourcesBuildPhase section */
		888895A420CB10D0000F8547 /* Sources */ = {
			isa = PBXSourcesBuildPhase;
			buildActionMask = 2147483647;
			files = (
				88E6966F20CC269E0045A1D3 /* Make.swift in Sources */,
				88E6966820CC15F00045A1D3 /* QBMainViewController.swift in Sources */,
				88E6966C20CC20110045A1D3 /* QBNewCarViewController.swift in Sources */,
				88E6966A20CC16040045A1D3 /* DBMainViewController.swift in Sources */,
				C11E0B2D20CB678B005028E2 /* RegisterPageViewController.swift in Sources */,
				88E6967120CC26A90045A1D3 /* Model.swift in Sources */,
				888895AE20CB10D0000F8547 /* ViewController.swift in Sources */,
				888895AC20CB10D0000F8547 /* AppDelegate.swift in Sources */,
				888895B420CB10D0000F8547 /* iosFinalApp.xcdatamodeld in Sources */,
				88E6966620CBFB560045A1D3 /* MainViewController.swift in Sources */,
			);
			runOnlyForDeploymentPostprocessing = 0;
		};
/* End PBXSourcesBuildPhase section */

/* Begin PBXVariantGroup section */
		888895AF20CB10D0000F8547 /* Main.storyboard */ = {
			isa = PBXVariantGroup;
			children = (
				888895B020CB10D0000F8547 /* Base */,
			);
			name = Main.storyboard;
			sourceTree = "<group>";
		};
		888895B720CB10D2000F8547 /* LaunchScreen.storyboard */ = {
			isa = PBXVariantGroup;
			children = (
				888895B820CB10D2000F8547 /* Base */,
			);
			name = LaunchScreen.storyboard;
			sourceTree = "<group>";
		};
/* End PBXVariantGroup section */

/* Begin XCBuildConfiguration section */
		888895BB20CB10D2000F8547 /* Debug */ = {
			isa = XCBuildConfiguration;
			buildSettings = {
				ALWAYS_SEARCH_USER_PATHS = NO;
				CLANG_ANALYZER_NONNULL = YES;
				CLANG_ANALYZER_NUMBER_OBJECT_CONVERSION = YES_AGGRESSIVE;
				CLANG_CXX_LANGUAGE_STANDARD = "gnu++14";
				CLANG_CXX_LIBRARY = "libc++";
				CLANG_ENABLE_MODULES = YES;
				CLANG_ENABLE_OBJC_ARC = YES;
				CLANG_ENABLE_OBJC_WEAK = YES;
				CLANG_WARN_BLOCK_CAPTURE_AUTORELEASING = YES;
				CLANG_WARN_BOOL_CONVERSION = YES;
				CLANG_WARN_COMMA = YES;
				CLANG_WARN_CONSTANT_CONVERSION = YES;
				CLANG_WARN_DEPRECATED_OBJC_IMPLEMENTATIONS = YES;
				CLANG_WARN_DIRECT_OBJC_ISA_USAGE = YES_ERROR;
				CLANG_WARN_DOCUMENTATION_COMMENTS = YES;
				CLANG_WARN_EMPTY_BODY = YES;
				CLANG_WARN_ENUM_CONVERSION = YES;
				CLANG_WARN_INFINITE_RECURSION = YES;
				CLANG_WARN_INT_CONVERSION = YES;
				CLANG_WARN_NON_LITERAL_NULL_CONVERSION = YES;
				CLANG_WARN_OBJC_IMPLICIT_RETAIN_SELF = YES;
				CLANG_WARN_OBJC_LITERAL_CONVERSION = YES;
				CLANG_WARN_OBJC_ROOT_CLASS = YES_ERROR;
				CLANG_WARN_RANGE_LOOP_ANALYSIS = YES;
				CLANG_WARN_STRICT_PROTOTYPES = YES;
				CLANG_WARN_SUSPICIOUS_MOVE = YES;
				CLANG_WARN_UNGUARDED_AVAILABILITY = YES_AGGRESSIVE;
				CLANG_WARN_UNREACHABLE_CODE = YES;
				CLANG_WARN__DUPLICATE_METHOD_MATCH = YES;
				CODE_SIGN_IDENTITY = "iPhone Developer";
				COPY_PHASE_STRIP = NO;
				DEBUG_INFORMATION_FORMAT = dwarf;
				ENABLE_STRICT_OBJC_MSGSEND = YES;
				ENABLE_TESTABILITY = YES;
				GCC_C_LANGUAGE_STANDARD = gnu11;
				GCC_DYNAMIC_NO_PIC = NO;
				GCC_NO_COMMON_BLOCKS = YES;
				GCC_OPTIMIZATION_LEVEL = 0;
				GCC_PREPROCESSOR_DEFINITIONS = (
					"DEBUG=1",
					"$(inherited)",
				);
				GCC_WARN_64_TO_32_BIT_CONVERSION = YES;
				GCC_WARN_ABOUT_RETURN_TYPE = YES_ERROR;
				GCC_WARN_UNDECLARED_SELECTOR = YES;
				GCC_WARN_UNINITIALIZED_AUTOS = YES_AGGRESSIVE;
				GCC_WARN_UNUSED_FUNCTION = YES;
				GCC_WARN_UNUSED_VARIABLE = YES;
				IPHONEOS_DEPLOYMENT_TARGET = 11.3;
				MTL_ENABLE_DEBUG_INFO = YES;
				ONLY_ACTIVE_ARCH = YES;
				SDKROOT = iphoneos;
				SWIFT_ACTIVE_COMPILATION_CONDITIONS = DEBUG;
				SWIFT_OPTIMIZATION_LEVEL = "-Onone";
			};
			name = Debug;
		};
		888895BC20CB10D2000F8547 /* Release */ = {
			isa = XCBuildConfiguration;
			buildSettings = {
				ALWAYS_SEARCH_USER_PATHS = NO;
				CLANG_ANALYZER_NONNULL = YES;
				CLANG_ANALYZER_NUMBER_OBJECT_CONVERSION = YES_AGGRESSIVE;
				CLANG_CXX_LANGUAGE_STANDARD = "gnu++14";
				CLANG_CXX_LIBRARY = "libc++";
				CLANG_ENABLE_MODULES = YES;
				CLANG_ENABLE_OBJC_ARC = YES;
				CLANG_ENABLE_OBJC_WEAK = YES;
				CLANG_WARN_BLOCK_CAPTURE_AUTORELEASING = YES;
				CLANG_WARN_BOOL_CONVERSION = YES;
				CLANG_WARN_COMMA = YES;
				CLANG_WARN_CONSTANT_CONVERSION = YES;
				CLANG_WARN_DEPRECATED_OBJC_IMPLEMENTATIONS = YES;
				CLANG_WARN_DIRECT_OBJC_ISA_USAGE = YES_ERROR;
				CLANG_WARN_DOCUMENTATION_COMMENTS = YES;
				CLANG_WARN_EMPTY_BODY = YES;
				CLANG_WARN_ENUM_CONVERSION = YES;
				CLANG_WARN_INFINITE_RECURSION = YES;
				CLANG_WARN_INT_CONVERSION = YES;
				CLANG_WARN_NON_LITERAL_NULL_CONVERSION = YES;
				CLANG_WARN_OBJC_IMPLICIT_RETAIN_SELF = YES;
				CLANG_WARN_OBJC_LITERAL_CONVERSION = YES;
				CLANG_WARN_OBJC_ROOT_CLASS = YES_ERROR;
				CLANG_WARN_RANGE_LOOP_ANALYSIS = YES;
				CLANG_WARN_STRICT_PROTOTYPES = YES;
				CLANG_WARN_SUSPICIOUS_MOVE = YES;
				CLANG_WARN_UNGUARDED_AVAILABILITY = YES_AGGRESSIVE;
				CLANG_WARN_UNREACHABLE_CODE = YES;
				CLANG_WARN__DUPLICATE_METHOD_MATCH = YES;
				CODE_SIGN_IDENTITY = "iPhone Developer";
				COPY_PHASE_STRIP = NO;
				DEBUG_INFORMATION_FORMAT = "dwarf-with-dsym";
				ENABLE_NS_ASSERTIONS = NO;
				ENABLE_STRICT_OBJC_MSGSEND = YES;
				GCC_C_LANGUAGE_STANDARD = gnu11;
				GCC_NO_COMMON_BLOCKS = YES;
				GCC_WARN_64_TO_32_BIT_CONVERSION = YES;
				GCC_WARN_ABOUT_RETURN_TYPE = YES_ERROR;
				GCC_WARN_UNDECLARED_SELECTOR = YES;
				GCC_WARN_UNINITIALIZED_AUTOS = YES_AGGRESSIVE;
				GCC_WARN_UNUSED_FUNCTION = YES;
				GCC_WARN_UNUSED_VARIABLE = YES;
				IPHONEOS_DEPLOYMENT_TARGET = 11.3;
				MTL_ENABLE_DEBUG_INFO = NO;
				SDKROOT = iphoneos;
				SWIFT_COMPILATION_MODE = wholemodule;
				SWIFT_OPTIMIZATION_LEVEL = "-O";
				VALIDATE_PRODUCT = YES;
			};
			name = Release;
		};
		888895BE20CB10D2000F8547 /* Debug */ = {
			isa = XCBuildConfiguration;
			buildSettings = {
				ASSETCATALOG_COMPILER_APPICON_NAME = AppIcon;
				CODE_SIGN_STYLE = Automatic;
				INFOPLIST_FILE = iosFinalApp/Info.plist;
				LD_RUNPATH_SEARCH_PATHS = (
					"$(inherited)",
					"@executable_path/Frameworks",
				);
				PRODUCT_BUNDLE_IDENTIFIER = pt.ipvc.estg.iosFinalApp;
				PRODUCT_NAME = "$(TARGET_NAME)";
				SWIFT_VERSION = 4.0;
				TARGETED_DEVICE_FAMILY = "1,2";
			};
			name = Debug;
		};
		888895BF20CB10D2000F8547 /* Release */ = {
			isa = XCBuildConfiguration;
			buildSettings = {
				ASSETCATALOG_COMPILER_APPICON_NAME = AppIcon;
				CODE_SIGN_STYLE = Automatic;
				INFOPLIST_FILE = iosFinalApp/Info.plist;
				LD_RUNPATH_SEARCH_PATHS = (
					"$(inherited)",
					"@executable_path/Frameworks",
				);
				PRODUCT_BUNDLE_IDENTIFIER = pt.ipvc.estg.iosFinalApp;
				PRODUCT_NAME = "$(TARGET_NAME)";
				SWIFT_VERSION = 4.0;
				TARGETED_DEVICE_FAMILY = "1,2";
			};
			name = Release;
		};
/* End XCBuildConfiguration section */

/* Begin XCConfigurationList section */
		888895A320CB10D0000F8547 /* Build configuration list for PBXProject "iosFinalApp" */ = {
			isa = XCConfigurationList;
			buildConfigurations = (
				888895BB20CB10D2000F8547 /* Debug */,
				888895BC20CB10D2000F8547 /* Release */,
			);
			defaultConfigurationIsVisible = 0;
			defaultConfigurationName = Release;
		};
		888895BD20CB10D2000F8547 /* Build configuration list for PBXNativeTarget "iosFinalApp" */ = {
			isa = XCConfigurationList;
			buildConfigurations = (
				888895BE20CB10D2000F8547 /* Debug */,
				888895BF20CB10D2000F8547 /* Release */,
			);
			defaultConfigurationIsVisible = 0;
			defaultConfigurationName = Release;
		};
/* End XCConfigurationList section */

/* Begin XCVersionGroup section */
		888895B220CB10D0000F8547 /* iosFinalApp.xcdatamodeld */ = {
			isa = XCVersionGroup;
			children = (
				888895B320CB10D0000F8547 /* iosFinalApp.xcdatamodel */,
			);
			currentVersion = 888895B320CB10D0000F8547 /* iosFinalApp.xcdatamodel */;
			path = iosFinalApp.xcdatamodeld;
			sourceTree = "<group>";
			versionGroupType = wrapper.xcdatamodel;
		};
/* End XCVersionGroup section */
	};
	rootObject = 888895A020CB10D0000F8547 /* Project object */;
}
